
Microsoft Visual Studio Solution File, Format Version 12.00
# Visual Studio 15
VisualStudioVersion = 15.0.28307.168
MinimumVisualStudioVersion = 10.0.40219.1
Project("{9A19103F-16F7-4668-BE54-9A1E7A4F7556}") = "Lycan.API", "Lycan.API\Lycan.API.csproj", "{03D92325-560A-449C-A203-C3E2268FD803}"
EndProject
Global
	GlobalSection(SolutionConfigurationPlatforms) = preSolution
		Debug|Any CPU = Debug|Any CPU
		Release|Any CPU = Release|Any CPU
	EndGlobalSection
	GlobalSection(ProjectConfigurationPlatforms) = postSolution
		{03D92325-560A-449C-A203-C3E2268FD803}.Debug|Any CPU.ActiveCfg = Debug|Any CPU
		{03D92325-560A-449C-A203-C3E2268FD803}.Debug|Any CPU.Build.0 = Debug|Any CPU
		{03D92325-560A-449C-A203-C3E2268FD803}.Release|Any CPU.ActiveCfg = Release|Any CPU
		{03D92325-560A-449C-A203-C3E2268FD803}.Release|Any CPU.Build.0 = Release|Any CPU
	EndGlobalSection
	GlobalSection(SolutionProperties) = preSolution
		HideSolutionNode = FALSE
	EndGlobalSection
	GlobalSection(ExtensibilityGlobals) = postSolution
		SolutionGuid = {FA8D0DB4-1E57-4C04-BE7F-F964CA5DE2B0}
	EndGlobalSection
EndGlobal
